
Microsoft Visual Studio Solution File, Format Version 12.00
# Visual Studio Version 17
VisualStudioVersion = 17.5.002.0
MinimumVisualStudioVersion = 10.0.40219.1
Project("{9A19103F-16F7-4668-BE54-9A1E7A4F7556}") = "CorridaDeGuerra", "CorridaDeGuerra\CorridaDeGuerra.csproj", "{651B4246-97D4-4223-845F-9417448A8503}"
EndProject
Global
	GlobalSection(SolutionConfigurationPlatforms) = preSolution
		Debug|Any CPU = Debug|Any CPU
		Release|Any CPU = Release|Any CPU
	EndGlobalSection
	GlobalSection(ProjectConfigurationPlatforms) = postSolution
		{651B4246-97D4-4223-845F-9417448A8503}.Debug|Any CPU.ActiveCfg = Debug|Any CPU
		{651B4246-97D4-4223-845F-9417448A8503}.Debug|Any CPU.Build.0 = Debug|Any CPU
		{651B4246-97D4-4223-845F-9417448A8503}.Release|Any CPU.ActiveCfg = Release|Any CPU
		{651B4246-97D4-4223-845F-9417448A8503}.Release|Any CPU.Build.0 = Release|Any CPU
	EndGlobalSection
	GlobalSection(SolutionProperties) = preSolution
		HideSolutionNode = FALSE
	EndGlobalSection
	GlobalSection(ExtensibilityGlobals) = postSolution
		SolutionGuid = {2868F5E3-B67C-4D46-85E7-CF78F8D9DFB2}
	EndGlobalSection
EndGlobal
